// !$*UTF8*$!
{
	archiveVersion = 1;
	classes = {
	};
	objectVersion = 56;
	objects = {

/* Begin PBXBuildFile section */
		72F25ADD2A715EB600EDCC05 /* EcoEatsApp.swift in Sources */ = {isa = PBXBuildFile; fileRef = 72F25ADC2A715EB600EDCC05 /* EcoEatsApp.swift */; };
		72F25ADF2A715EB600EDCC05 /* ContentView.swift in Sources */ = {isa = PBXBuildFile; fileRef = 72F25ADE2A715EB600EDCC05 /* ContentView.swift */; };
		72F25AE12A715EB800EDCC05 /* Assets.xcassets in Resources */ = {isa = PBXBuildFile; fileRef = 72F25AE02A715EB800EDCC05 /* Assets.xcassets */; };
		72F25AE42A715EB800EDCC05 /* Preview Assets.xcassets in Resources */ = {isa = PBXBuildFile; fileRef = 72F25AE32A715EB800EDCC05 /* Preview Assets.xcassets */; };
		72F25AE62A715EB800EDCC05 /* Persistence.swift in Sources */ = {isa = PBXBuildFile; fileRef = 72F25AE52A715EB800EDCC05 /* Persistence.swift */; };
		72F25AE92A715EB800EDCC05 /* EcoEats.xcdatamodeld in Sources */ = {isa = PBXBuildFile; fileRef = 72F25AE72A715EB800EDCC05 /* EcoEats.xcdatamodeld */; };
		72F25AF02A716AF800EDCC05 /* Launch Screen.storyboard in Resources */ = {isa = PBXBuildFile; fileRef = 72F25AEF2A716AF800EDCC05 /* Launch Screen.storyboard */; };
		D24A59CE2A71711D0051C97A /* CalendarView.swift in Sources */ = {isa = PBXBuildFile; fileRef = D24A59CD2A71711D0051C97A /* CalendarView.swift */; };
		D24A59D02A71713C0051C97A /* ResourcesView.swift in Sources */ = {isa = PBXBuildFile; fileRef = D24A59CF2A71713C0051C97A /* ResourcesView.swift */; };
		D24A59D22A71715C0051C97A /* RecipesView.swift in Sources */ = {isa = PBXBuildFile; fileRef = D24A59D12A71715C0051C97A /* RecipesView.swift */; };
/* End PBXBuildFile section */

/* Begin PBXFileReference section */
		72F25AD92A715EB600EDCC05 /* EcoEats.app */ = {isa = PBXFileReference; explicitFileType = wrapper.application; includeInIndex = 0; path = EcoEats.app; sourceTree = BUILT_PRODUCTS_DIR; };
		72F25ADC2A715EB600EDCC05 /* EcoEatsApp.swift */ = {isa = PBXFileReference; lastKnownFileType = sourcecode.swift; path = EcoEatsApp.swift; sourceTree = "<group>"; };
		72F25ADE2A715EB600EDCC05 /* ContentView.swift */ = {isa = PBXFileReference; lastKnownFileType = sourcecode.swift; path = ContentView.swift; sourceTree = "<group>"; };
		72F25AE02A715EB800EDCC05 /* Assets.xcassets */ = {isa = PBXFileReference; lastKnownFileType = folder.assetcatalog; path = Assets.xcassets; sourceTree = "<group>"; };
		72F25AE32A715EB800EDCC05 /* Preview Assets.xcassets */ = {isa = PBXFileReference; lastKnownFileType = folder.assetcatalog; path = "Preview Assets.xcassets"; sourceTree = "<group>"; };
		72F25AE52A715EB800EDCC05 /* Persistence.swift */ = {isa = PBXFileReference; lastKnownFileType = sourcecode.swift; path = Persistence.swift; sourceTree = "<group>"; };
		72F25AE82A715EB800EDCC05 /* EcoEats.xcdatamodel */ = {isa = PBXFileReference; lastKnownFileType = wrapper.xcdatamodel; path = EcoEats.xcdatamodel; sourceTree = "<group>"; };
		72F25AEF2A716AF800EDCC05 /* Launch Screen.storyboard */ = {isa = PBXFileReference; lastKnownFileType = file.storyboard; path = "Launch Screen.storyboard"; sourceTree = "<group>"; };
		D24A59CD2A71711D0051C97A /* CalendarView.swift */ = {isa = PBXFileReference; lastKnownFileType = sourcecode.swift; path = CalendarView.swift; sourceTree = "<group>"; };
		D24A59CF2A71713C0051C97A /* ResourcesView.swift */ = {isa = PBXFileReference; lastKnownFileType = sourcecode.swift; path = ResourcesView.swift; sourceTree = "<group>"; };
		D24A59D12A71715C0051C97A /* RecipesView.swift */ = {isa = PBXFileReference; lastKnownFileType = sourcecode.swift; path = RecipesView.swift; sourceTree = "<group>"; };
/* End PBXFileReference section */

/* Begin PBXFrameworksBuildPhase section */
		72F25AD62A715EB600EDCC05 /* Frameworks */ = {
			isa = PBXFrameworksBuildPhase;
			buildActionMask = 2147483647;
			files = (
			);
			runOnlyForDeploymentPostprocessing = 0;
		};
/* End PBXFrameworksBuildPhase section */

/* Begin PBXGroup section */
		72F25AD02A715EB600EDCC05 = {
			isa = PBXGroup;
			children = (
				72F25ADB2A715EB600EDCC05 /* EcoEats */,
				72F25ADA2A715EB600EDCC05 /* Products */,
			);
			sourceTree = "<group>";
		};
		72F25ADA2A715EB600EDCC05 /* Products */ = {
			isa = PBXGroup;
			children = (
				72F25AD92A715EB600EDCC05 /* EcoEats.app */,
			);
			name = Products;
			sourceTree = "<group>";
		};
		72F25ADB2A715EB600EDCC05 /* EcoEats */ = {
			isa = PBXGroup;
			children = (
				72F25ADC2A715EB600EDCC05 /* EcoEatsApp.swift */,
				72F25ADE2A715EB600EDCC05 /* ContentView.swift */,
				D24A59D12A71715C0051C97A /* RecipesView.swift */,
				D24A59CF2A71713C0051C97A /* ResourcesView.swift */,
				D24A59CD2A71711D0051C97A /* CalendarView.swift */,
				72F25AE02A715EB800EDCC05 /* Assets.xcassets */,
				72F25AEF2A716AF800EDCC05 /* Launch Screen.storyboard */,
				72F25AE52A715EB800EDCC05 /* Persistence.swift */,
				72F25AE72A715EB800EDCC05 /* EcoEats.xcdatamodeld */,
				72F25AE22A715EB800EDCC05 /* Preview Content */,
			);
			path = EcoEats;
			sourceTree = "<group>";
		};
		72F25AE22A715EB800EDCC05 /* Preview Content */ = {
			isa = PBXGroup;
			children = (
				72F25AE32A715EB800EDCC05 /* Preview Assets.xcassets */,
			);
			path = "Preview Content";
			sourceTree = "<group>";
		};
/* End PBXGroup section */

/* Begin PBXNativeTarget section */
		72F25AD82A715EB600EDCC05 /* EcoEats */ = {
			isa = PBXNativeTarget;
			buildConfigurationList = 72F25AEC2A715EB800EDCC05 /* Build configuration list for PBXNativeTarget "EcoEats" */;
			buildPhases = (
				72F25AD52A715EB600EDCC05 /* Sources */,
				72F25AD62A715EB600EDCC05 /* Frameworks */,
				72F25AD72A715EB600EDCC05 /* Resources */,
			);
			buildRules = (
			);
			dependencies = (
			);
			name = EcoEats;
			productName = EcoEats;
			productReference = 72F25AD92A715EB600EDCC05 /* EcoEats.app */;
			productType = "com.apple.product-type.application";
		};
/* End PBXNativeTarget section */

/* Begin PBXProject section */
		72F25AD12A715EB600EDCC05 /* Project object */ = {
			isa = PBXProject;
			attributes = {
				BuildIndependentTargetsInParallel = 1;
				LastSwiftUpdateCheck = 1430;
				LastUpgradeCheck = 1430;
				TargetAttributes = {
					72F25AD82A715EB600EDCC05 = {
						CreatedOnToolsVersion = 14.3.1;
					};
				};
			};
			buildConfigurationList = 72F25AD42A715EB600EDCC05 /* Build configuration list for PBXProject "EcoEats" */;
			compatibilityVersion = "Xcode 14.0";
			developmentRegion = en;
			hasScannedForEncodings = 0;
			knownRegions = (
				en,
				Base,
			);
			mainGroup = 72F25AD02A715EB600EDCC05;
			productRefGroup = 72F25ADA2A715EB600EDCC05 /* Products */;
			projectDirPath = "";
			projectRoot = "";
			targets = (
				72F25AD82A715EB600EDCC05 /* EcoEats */,
			);
		};
/* End PBXProject section */

/* Begin PBXResourcesBuildPhase section */
		72F25AD72A715EB600EDCC05 /* Resources */ = {
			isa = PBXResourcesBuildPhase;
			buildActionMask = 2147483647;
			files = (
				72F25AF02A716AF800EDCC05 /* Launch Screen.storyboard in Resources */,
				72F25AE42A715EB800EDCC05 /* Preview Assets.xcassets in Resources */,
				72F25AE12A715EB800EDCC05 /* Assets.xcassets in Resources */,
			);
			runOnlyForDeploymentPostprocessing = 0;
		};
/* End PBXResourcesBuildPhase section */

/* Begin PBXSourcesBuildPhase section */
		72F25AD52A715EB600EDCC05 /* Sources */ = {
			isa = PBXSourcesBuildPhase;
			buildActionMask = 2147483647;
			files = (
				D24A59D02A71713C0051C97A /* ResourcesView.swift in Sources */,
				D24A59CE2A71711D0051C97A /* CalendarView.swift in Sources */,
				72F25AE92A715EB800EDCC05 /* EcoEats.xcdatamodeld in Sources */,
				72F25AE62A715EB800EDCC05 /* Persistence.swift in Sources */,
				72F25ADF2A715EB600EDCC05 /* ContentView.swift in Sources */,
				72F25ADD2A715EB600EDCC05 /* EcoEatsApp.swift in Sources */,
				D24A59D22A71715C0051C97A /* RecipesView.swift in Sources */,
			);
			runOnlyForDeploymentPostprocessing = 0;
		};
/* End PBXSourcesBuildPhase section */

/* Begin XCBuildConfiguration section */
		72F25AEA2A715EB800EDCC05 /* Debug */ = {
			isa = XCBuildConfiguration;
			buildSettings = {
				ALWAYS_SEARCH_USER_PATHS = NO;
				CLANG_ANALYZER_NONNULL = YES;
				CLANG_ANALYZER_NUMBER_OBJECT_CONVERSION = YES_AGGRESSIVE;
				CLANG_CXX_LANGUAGE_STANDARD = "gnu++20";
				CLANG_ENABLE_MODULES = YES;
				CLANG_ENABLE_OBJC_ARC = YES;
				CLANG_ENABLE_OBJC_WEAK = YES;
				CLANG_WARN_BLOCK_CAPTURE_AUTORELEASING = YES;
				CLANG_WARN_BOOL_CONVERSION = YES;
				CLANG_WARN_COMMA = YES;
				CLANG_WARN_CONSTANT_CONVERSION = YES;
				CLANG_WARN_DEPRECATED_OBJC_IMPLEMENTATIONS = YES;
				CLANG_WARN_DIRECT_OBJC_ISA_USAGE = YES_ERROR;
				CLANG_WARN_DOCUMENTATION_COMMENTS = YES;
				CLANG_WARN_EMPTY_BODY = YES;
				CLANG_WARN_ENUM_CONVERSION = YES;
				CLANG_WARN_INFINITE_RECURSION = YES;
				CLANG_WARN_INT_CONVERSION = YES;
				CLANG_WARN_NON_LITERAL_NULL_CONVERSION = YES;
				CLANG_WARN_OBJC_IMPLICIT_RETAIN_SELF = YES;
				CLANG_WARN_OBJC_LITERAL_CONVERSION = YES;
				CLANG_WARN_OBJC_ROOT_CLASS = YES_ERROR;
				CLANG_WARN_QUOTED_INCLUDE_IN_FRAMEWORK_HEADER = YES;
				CLANG_WARN_RANGE_LOOP_ANALYSIS = YES;
				CLANG_WARN_STRICT_PROTOTYPES = YES;
				CLANG_WARN_SUSPICIOUS_MOVE = YES;
				CLANG_WARN_UNGUARDED_AVAILABILITY = YES_AGGRESSIVE;
				CLANG_WARN_UNREACHABLE_CODE = YES;
				CLANG_WARN__DUPLICATE_METHOD_MATCH = YES;
				COPY_PHASE_STRIP = NO;
				DEBUG_INFORMATION_FORMAT = dwarf;
				ENABLE_STRICT_OBJC_MSGSEND = YES;
				ENABLE_TESTABILITY = YES;
				GCC_C_LANGUAGE_STANDARD = gnu11;
				GCC_DYNAMIC_NO_PIC = NO;
				GCC_NO_COMMON_BLOCKS = YES;
				GCC_OPTIMIZATION_LEVEL = 0;
				GCC_PREPROCESSOR_DEFINITIONS = (
					"DEBUG=1",
					"$(inherited)",
				);
				GCC_WARN_64_TO_32_BIT_CONVERSION = YES;
				GCC_WARN_ABOUT_RETURN_TYPE = YES_ERROR;
				GCC_WARN_UNDECLARED_SELECTOR = YES;
				GCC_WARN_UNINITIALIZED_AUTOS = YES_AGGRESSIVE;
				GCC_WARN_UNUSED_FUNCTION = YES;
				GCC_WARN_UNUSED_VARIABLE = YES;
				IPHONEOS_DEPLOYMENT_TARGET = 16.4;
				MTL_ENABLE_DEBUG_INFO = INCLUDE_SOURCE;
				MTL_FAST_MATH = YES;
				ONLY_ACTIVE_ARCH = YES;
				SDKROOT = iphoneos;
				SWIFT_ACTIVE_COMPILATION_CONDITIONS = DEBUG;
				SWIFT_OPTIMIZATION_LEVEL = "-Onone";
			};
			name = Debug;
		};
		72F25AEB2A715EB800EDCC05 /* Release */ = {
			isa = XCBuildConfiguration;
			buildSettings = {
				ALWAYS_SEARCH_USER_PATHS = NO;
				CLANG_ANALYZER_NONNULL = YES;
				CLANG_ANALYZER_NUMBER_OBJECT_CONVERSION = YES_AGGRESSIVE;
				CLANG_CXX_LANGUAGE_STANDARD = "gnu++20";
				CLANG_ENABLE_MODULES = YES;
				CLANG_ENABLE_OBJC_ARC = YES;
				CLANG_ENABLE_OBJC_WEAK = YES;
				CLANG_WARN_BLOCK_CAPTURE_AUTORELEASING = YES;
				CLANG_WARN_BOOL_CONVERSION = YES;
				CLANG_WARN_COMMA = YES;
				CLANG_WARN_CONSTANT_CONVERSION = YES;
				CLANG_WARN_DEPRECATED_OBJC_IMPLEMENTATIONS = YES;
				CLANG_WARN_DIRECT_OBJC_ISA_USAGE = YES_ERROR;
				CLANG_WARN_DOCUMENTATION_COMMENTS = YES;
				CLANG_WARN_EMPTY_BODY = YES;
				CLANG_WARN_ENUM_CONVERSION = YES;
				CLANG_WARN_INFINITE_RECURSION = YES;
				CLANG_WARN_INT_CONVERSION = YES;
				CLANG_WARN_NON_LITERAL_NULL_CONVERSION = YES;
				CLANG_WARN_OBJC_IMPLICIT_RETAIN_SELF = YES;
				CLANG_WARN_OBJC_LITERAL_CONVERSION = YES;
				CLANG_WARN_OBJC_ROOT_CLASS = YES_ERROR;
				CLANG_WARN_QUOTED_INCLUDE_IN_FRAMEWORK_HEADER = YES;
				CLANG_WARN_RANGE_LOOP_ANALYSIS = YES;
				CLANG_WARN_STRICT_PROTOTYPES = YES;
				CLANG_WARN_SUSPICIOUS_MOVE = YES;
				CLANG_WARN_UNGUARDED_AVAILABILITY = YES_AGGRESSIVE;
				CLANG_WARN_UNREACHABLE_CODE = YES;
				CLANG_WARN__DUPLICATE_METHOD_MATCH = YES;
				COPY_PHASE_STRIP = NO;
				DEBUG_INFORMATION_FORMAT = "dwarf-with-dsym";
				ENABLE_NS_ASSERTIONS = NO;
				ENABLE_STRICT_OBJC_MSGSEND = YES;
				GCC_C_LANGUAGE_STANDARD = gnu11;
				GCC_NO_COMMON_BLOCKS = YES;
				GCC_WARN_64_TO_32_BIT_CONVERSION = YES;
				GCC_WARN_ABOUT_RETURN_TYPE = YES_ERROR;
				GCC_WARN_UNDECLARED_SELECTOR = YES;
				GCC_WARN_UNINITIALIZED_AUTOS = YES_AGGRESSIVE;
				GCC_WARN_UNUSED_FUNCTION = YES;
				GCC_WARN_UNUSED_VARIABLE = YES;
				IPHONEOS_DEPLOYMENT_TARGET = 16.4;
				MTL_ENABLE_DEBUG_INFO = NO;
				MTL_FAST_MATH = YES;
				SDKROOT = iphoneos;
				SWIFT_COMPILATION_MODE = wholemodule;
				SWIFT_OPTIMIZATION_LEVEL = "-O";
				VALIDATE_PRODUCT = YES;
			};
			name = Release;
		};
		72F25AED2A715EB800EDCC05 /* Debug */ = {
			isa = XCBuildConfiguration;
			buildSettings = {
				ASSETCATALOG_COMPILER_APPICON_NAME = AppIcon;
				ASSETCATALOG_COMPILER_GLOBAL_ACCENT_COLOR_NAME = AccentColor;
				CODE_SIGN_STYLE = Automatic;
				CURRENT_PROJECT_VERSION = 1;
				DEVELOPMENT_ASSET_PATHS = "\"EcoEats/Preview Content\"";
				ENABLE_PREVIEWS = YES;
				GENERATE_INFOPLIST_FILE = YES;
				INFOPLIST_KEY_UIApplicationSceneManifest_Generation = YES;
				INFOPLIST_KEY_UIApplicationSupportsIndirectInputEvents = YES;
				INFOPLIST_KEY_UILaunchScreen_Generation = YES;
				INFOPLIST_KEY_UILaunchStoryboardName = "Launch Screen.storyboard";
				INFOPLIST_KEY_UISupportedInterfaceOrientations_iPad = "UIInterfaceOrientationPortrait UIInterfaceOrientationPortraitUpsideDown UIInterfaceOrientationLandscapeLeft UIInterfaceOrientationLandscapeRight";
				INFOPLIST_KEY_UISupportedInterfaceOrientations_iPhone = "UIInterfaceOrientationPortrait UIInterfaceOrientationLandscapeLeft UIInterfaceOrientationLandscapeRight";
				LD_RUNPATH_SEARCH_PATHS = (
					"$(inherited)",
					"@executable_path/Frameworks",
				);
				MARKETING_VERSION = 1.0;
				PRODUCT_BUNDLE_IDENTIFIER = kwk.EcoEats;
				PRODUCT_NAME = "$(TARGET_NAME)";
				SWIFT_EMIT_LOC_STRINGS = YES;
				SWIFT_VERSION = 5.0;
				TARGETED_DEVICE_FAMILY = "1,2";
			};
			name = Debug;
		};
		72F25AEE2A715EB800EDCC05 /* Release */ = {
			isa = XCBuildConfiguration;
			buildSettings = {
				ASSETCATALOG_COMPILER_APPICON_NAME = AppIcon;
				ASSETCATALOG_COMPILER_GLOBAL_ACCENT_COLOR_NAME = AccentColor;
				CODE_SIGN_STYLE = Automatic;
				CURRENT_PROJECT_VERSION = 1;
				DEVELOPMENT_ASSET_PATHS = "\"EcoEats/Preview Content\"";
				ENABLE_PREVIEWS = YES;
				GENERATE_INFOPLIST_FILE = YES;
				INFOPLIST_KEY_UIApplicationSceneManifest_Generation = YES;
				INFOPLIST_KEY_UIApplicationSupportsIndirectInputEvents = YES;
				INFOPLIST_KEY_UILaunchScreen_Generation = YES;
				INFOPLIST_KEY_UILaunchStoryboardName = "Launch Screen.storyboard";
				INFOPLIST_KEY_UISupportedInterfaceOrientations_iPad = "UIInterfaceOrientationPortrait UIInterfaceOrientationPortraitUpsideDown UIInterfaceOrientationLandscapeLeft UIInterfaceOrientationLandscapeRight";
				INFOPLIST_KEY_UISupportedInterfaceOrientations_iPhone = "UIInterfaceOrientationPortrait UIInterfaceOrientationLandscapeLeft UIInterfaceOrientationLandscapeRight";
				LD_RUNPATH_SEARCH_PATHS = (
					"$(inherited)",
					"@executable_path/Frameworks",
				);
				MARKETING_VERSION = 1.0;
				PRODUCT_BUNDLE_IDENTIFIER = kwk.EcoEats;
				PRODUCT_NAME = "$(TARGET_NAME)";
				SWIFT_EMIT_LOC_STRINGS = YES;
				SWIFT_VERSION = 5.0;
				TARGETED_DEVICE_FAMILY = "1,2";
			};
			name = Release;
		};
/* End XCBuildConfiguration section */

/* Begin XCConfigurationList section */
		72F25AD42A715EB600EDCC05 /* Build configuration list for PBXProject "EcoEats" */ = {
			isa = XCConfigurationList;
			buildConfigurations = (
				72F25AEA2A715EB800EDCC05 /* Debug */,
				72F25AEB2A715EB800EDCC05 /* Release */,
			);
			defaultConfigurationIsVisible = 0;
			defaultConfigurationName = Release;
		};
		72F25AEC2A715EB800EDCC05 /* Build configuration list for PBXNativeTarget "EcoEats" */ = {
			isa = XCConfigurationList;
			buildConfigurations = (
				72F25AED2A715EB800EDCC05 /* Debug */,
				72F25AEE2A715EB800EDCC05 /* Release */,
			);
			defaultConfigurationIsVisible = 0;
			defaultConfigurationName = Release;
		};
/* End XCConfigurationList section */

/* Begin XCVersionGroup section */
		72F25AE72A715EB800EDCC05 /* EcoEats.xcdatamodeld */ = {
			isa = XCVersionGroup;
			children = (
				72F25AE82A715EB800EDCC05 /* EcoEats.xcdatamodel */,
			);
			currentVersion = 72F25AE82A715EB800EDCC05 /* EcoEats.xcdatamodel */;
			path = EcoEats.xcdatamodeld;
			sourceTree = "<group>";
			versionGroupType = wrapper.xcdatamodel;
		};
/* End XCVersionGroup section */
	};
	rootObject = 72F25AD12A715EB600EDCC05 /* Project object */;
}
